
Microsoft Visual Studio Solution File, Format Version 12.00
# Visual Studio Version 17
VisualStudioVersion = 17.14.36301.6 d17.14
MinimumVisualStudioVersion = 10.0.40219.1
Project("{FAE04EC0-301F-11D3-BF4B-00C04F79EFBC}") = "VietStart_API", "VietStart_API\VietStart_API.csproj", "{CD46E0A0-E300-4D8F-B59A-7D9AEB021B37}"
EndProject
Global
	GlobalSection(SolutionConfigurationPlatforms) = preSolution
		Debug|Any CPU = Debug|Any CPU
		Release|Any CPU = Release|Any CPU
	EndGlobalSection
	GlobalSection(ProjectConfigurationPlatforms) = postSolution
		{CD46E0A0-E300-4D8F-B59A-7D9AEB021B37}.Debug|Any CPU.ActiveCfg = Debug|Any CPU
		{CD46E0A0-E300-4D8F-B59A-7D9AEB021B37}.Debug|Any CPU.Build.0 = Debug|Any CPU
		{CD46E0A0-E300-4D8F-B59A-7D9AEB021B37}.Release|Any CPU.ActiveCfg = Release|Any CPU
		{CD46E0A0-E300-4D8F-B59A-7D9AEB021B37}.Release|Any CPU.Build.0 = Release|Any CPU
	EndGlobalSection
	GlobalSection(SolutionProperties) = preSolution
		HideSolutionNode = FALSE
	EndGlobalSection
	GlobalSection(ExtensibilityGlobals) = postSolution
		SolutionGuid = {B5C3FDEE-B120-4316-A3A1-13214EEF7D9E}
	EndGlobalSection
EndGlobal
